hash: 4459fad337ae628bb9a853501111042a7e7595cf680d3abc60de9f9c474f77da
updated: 2016-06-20T11:52:34.474045346+05:30
imports:
- name: github.com/cockroachdb/c-jemalloc
  version: 6362977a9a1989062dccfa5fe314d6c864e7590c
- name: github.com/cockroachdb/c-lz4
  version: 834d3303c9e84b1045bc57c3eb3723ee8cb4d33b
- name: github.com/cockroachdb/c-rocksdb
  version: 9dd1f18d3ab20667957cf240724a5d12e660ad42
- name: github.com/cockroachdb/c-snappy
  version: d4e7b428fe7fc09e93573df3448567a62df8c9fa
- name: github.com/dustin/go-humanize
  version: 499693e27ee0d14ffab67c31ad065fdb3d34ea75
- name: github.com/hashicorp/go-multierror
  version: d30f09973e19c1dfcd120b2d9c4f168e68d6b5d5
- name: github.com/inconshreveable/mousetrap
  version: 76626ae9c91c4f2a10f34cad8ce83ea42c93bb75
- name: github.com/spf13/cobra
  version: bc81c21bd0d8be5ba2d6630a505d79d4467566e7
- name: github.com/spf13/pflag
  version: 367864438f1b1a3c7db4da06a2f55b144e6784e0
- name: github.com/stretchr/testify
  version: d77da356e56a7428ad25149ca77381849a6a5232
  subpackages:
  - mock
  - assert
- name: github.com/tecbot/gorocksdb
  version: 59ab8def01399fb7ded1c3bff5e3e4cbd14b6348
- name: github.com/vektra/mockery
  version: 29089e31d888052f69e7a0f547885b3ba85ac55d
devImports: []
