hash: 472af04c84a6d27268553ba2debb95bf231e3e6645733d1aef515f8675ef0c68
updated: 2016-10-28T12:39:42.593927014+05:30
imports:
- name: github.com/ashwanthkumar/golang-utils
  version: ca70cd2b7edf2c1e819bbb0299a4e158f173d1cc
  subpackages:
  - worker
- name: github.com/cockroachdb/c-jemalloc
  version: 42e6a32cd7a4dff9c70d80323681d46d046181ef
- name: github.com/cockroachdb/c-lz4
  version: 834d3303c9e84b1045bc57c3eb3723ee8cb4d33b
- name: github.com/cockroachdb/c-rocksdb
  version: 894d369c4ea259b65f75563feeb06bea322a8450
- name: github.com/cockroachdb/c-snappy
  version: d4e7b428fe7fc09e93573df3448567a62df8c9fa
- name: github.com/davecgh/go-spew
  version: 6d212800a42e8ab5c146b8ace3490ee17e5225f9
  subpackages:
  - spew
- name: github.com/dustin/go-humanize
  version: bd88f87ad3a420f7bcf05e90566fd1ceb351fa7f
- name: github.com/hashicorp/errwrap
  version: 7554cd9344cec97297fa6649b055a8c98c2a1e55
- name: github.com/hashicorp/go-multierror
  version: 8c5f0ad9360406a3807ce7de6bc73269a91a6e51
- name: github.com/inconshreveable/mousetrap
  version: 76626ae9c91c4f2a10f34cad8ce83ea42c93bb75
- name: github.com/op/go-logging
  version: b2cb9fa56473e98db8caba80237377e83fe44db5
- name: github.com/pmezard/go-difflib
  version: d8ed2627bdf02c080bf22230dbb337003b7aba2d
  subpackages:
  - difflib
- name: github.com/satori/go.uuid
  version: 879c5887cd475cd7864858769793b2ceb0d44feb
- name: github.com/spf13/cobra
  version: 6e91dded25d73176bf7f60b40dd7aa1f0bf9be8d
- name: github.com/spf13/pflag
  version: 5ccb023bc27df288a957c5e994cd44fd19619465
- name: github.com/stretchr/testify
  version: 976c720a22c8eb4eb6a0b4348ad85ad12491a506
  subpackages:
  - assert
  - mock
- name: github.com/tecbot/gorocksdb
  version: 59ab8def01399fb7ded1c3bff5e3e4cbd14b6348
- name: github.com/vektra/mockery
  version: 4db903efa8f6a978c8ccee3d4f23e947af878ca9
- name: golang.org/x/net
  version: b336a971b799939dd16ae9b1df8334cb8b977c4d
  subpackages:
  - http2
  - http2/hpack
  - idna
  - lex/httplex
testImports: []
